
Microsoft Visual Studio Solution File, Format Version 12.00
# Visual Studio Version 17
VisualStudioVersion = 17.4.33403.182
MinimumVisualStudioVersion = 10.0.40219.1
Project("{FAE04EC0-301F-11D3-BF4B-00C04F79EFBC}") = "BooksShop", "BooksShop.csproj", "{702790FC-ED7B-4420-8186-A4CF2D33EB9D}"
EndProject
Global
	GlobalSection(SolutionConfigurationPlatforms) = preSolution
		Debug|Any CPU = Debug|Any CPU
		Release|Any CPU = Release|Any CPU
	EndGlobalSection
	GlobalSection(ProjectConfigurationPlatforms) = postSolution
		{702790FC-ED7B-4420-8186-A4CF2D33EB9D}.Debug|Any CPU.ActiveCfg = Debug|Any CPU
		{702790FC-ED7B-4420-8186-A4CF2D33EB9D}.Debug|Any CPU.Build.0 = Debug|Any CPU
		{702790FC-ED7B-4420-8186-A4CF2D33EB9D}.Release|Any CPU.ActiveCfg = Release|Any CPU
		{702790FC-ED7B-4420-8186-A4CF2D33EB9D}.Release|Any CPU.Build.0 = Release|Any CPU
	EndGlobalSection
	GlobalSection(SolutionProperties) = preSolution
		HideSolutionNode = FALSE
	EndGlobalSection
	GlobalSection(ExtensibilityGlobals) = postSolution
		SolutionGuid = {DC13A571-9359-4B85-A2F0-855EBADCE4C8}
	EndGlobalSection
EndGlobal
